
Microsoft Visual Studio Solution File, Format Version 12.00
# Visual Studio Version 17
VisualStudioVersion = 17.8.34309.116
MinimumVisualStudioVersion = 10.0.40219.1
Project("{9A19103F-16F7-4668-BE54-9A1E7A4F7556}") = "ParameterControl", "ParameterControl\ParameterControl.csproj", "{DE383B5E-4639-4625-A510-FD8FAB7689A0}"
EndProject
Project("{2150E333-8FDC-42A3-9474-1A3956D46DE8}") = "ParameterControl.User", "ParameterControl.User", "{91079B39-5F50-456A-805D-3800C3F2B7EF}"
EndProject
Project("{2150E333-8FDC-42A3-9474-1A3956D46DE8}") = "ParameterControl.Conciliation", "ParameterControl.Conciliation", "{61F796B3-8DFB-498E-8B54-D8559B8510B7}"
EndProject
Project("{9A19103F-16F7-4668-BE54-9A1E7A4F7556}") = "ParameterControl.Conciliation.Entities", "ParameterControl.Conciliation.Entities\ParameterControl.Conciliation.Entities.csproj", "{DEB243D4-0193-4F15-9FAB-BC65047055D3}"
EndProject
Project("{9A19103F-16F7-4668-BE54-9A1E7A4F7556}") = "ParameterControl.Conciliation.Impl", "ParameterControl.Conciliation.Impl\ParameterControl.Conciliation.Impl.csproj", "{A04B4A8D-653E-4E9F-9B94-49F171767537}"
EndProject
Project("{9A19103F-16F7-4668-BE54-9A1E7A4F7556}") = "ParameterControl.Conciliation.Interfaces", "ParameterControl.Conciliation.Interfaces\ParameterControl.Conciliation.Interfaces.csproj", "{8619D175-5AF5-42E1-BCDB-AC505760218A}"
EndProject
Project("{9A19103F-16F7-4668-BE54-9A1E7A4F7556}") = "ParameterControl.Conciliation.DataAccess", "ParameterControl.Conciliation.DataAccess\ParameterControl.Conciliation.DataAccess.csproj", "{2952814C-171C-4130-B1E0-291A4C497737}"
EndProject
Project("{2150E333-8FDC-42A3-9474-1A3956D46DE8}") = "ParameterControl.Policy", "ParameterControl.Policy", "{71A8A1B4-4DA2-4202-AEA1-7EA9B639EE8E}"
EndProject
Project("{9A19103F-16F7-4668-BE54-9A1E7A4F7556}") = "ParameterControl.Policy.DataAccess", "ParameterControl.Policy.DataAccess\ParameterControl.Policy.DataAccess.csproj", "{C48578A3-42F6-4ACC-9318-9092961E748D}"
EndProject
Project("{9A19103F-16F7-4668-BE54-9A1E7A4F7556}") = "ParameterControl.Policy.Entities", "ParameterControl.Policy.Entities\ParameterControl.Policy.Entities.csproj", "{45585B5B-E796-460D-A87F-38FB56C195D3}"
EndProject
Project("{9A19103F-16F7-4668-BE54-9A1E7A4F7556}") = "ParameterControl.Policy.Impl", "ParameterControl.Policy.Impl\ParameterControl.Policy.Impl.csproj", "{E8173CC1-D933-457E-8E4E-63BA0445AB70}"
EndProject
Project("{9A19103F-16F7-4668-BE54-9A1E7A4F7556}") = "ParameterControl.Policy.Interfaces", "ParameterControl.Policy.Interfaces\ParameterControl.Policy.Interfaces.csproj", "{2FAEAF31-5FF2-4B9E-BBEE-D27606798ACC}"
EndProject
Project("{9A19103F-16F7-4668-BE54-9A1E7A4F7556}") = "ParameterControl.Test", "ParameterControl.Test\ParameterControl.Test.csproj", "{2DDB2A2E-0DBF-422F-9C5F-284F6A5069D9}"
EndProject
Project("{2150E333-8FDC-42A3-9474-1A3956D46DE8}") = "ParameterControl.Parameter", "ParameterControl.Parameter", "{BCD33ACB-1CCE-427E-AD50-1ACB6BCE3B1C}"
EndProject
Project("{9A19103F-16F7-4668-BE54-9A1E7A4F7556}") = "ParameterControl.Parameter.DataAccess", "ParameterControl.Parameter.DataAccess\ParameterControl.Parameter.DataAccess.csproj", "{5FCD6901-4EEF-4A8D-B061-DC2035E4C3EE}"
EndProject
Project("{9A19103F-16F7-4668-BE54-9A1E7A4F7556}") = "ParameterControl.Parameter.Entities", "ParameterControl.Parameter.Entities\ParameterControl.Parameter.Entities.csproj", "{ECDE9B94-54BC-43E5-AFF6-8CAFACBE85D2}"
EndProject
Project("{9A19103F-16F7-4668-BE54-9A1E7A4F7556}") = "ParameterControl.Parameter.Impl", "ParameterControl.Parameter.Impl\ParameterControl.Parameter.Impl.csproj", "{7A0D2E40-B408-4034-A611-9BD57D7A4758}"
EndProject
Project("{9A19103F-16F7-4668-BE54-9A1E7A4F7556}") = "ParameterControl.Parameter.Interfaces", "ParameterControl.Parameter.Interfaces\ParameterControl.Parameter.Interfaces.csproj", "{7769702B-5F4A-4468-952B-68BE86C83E7A}"
EndProject
Project("{2150E333-8FDC-42A3-9474-1A3956D46DE8}") = "ParameterControl.LoadControl", "ParameterControl.LoadControl", "{3373F4CA-3671-4006-8DBC-8292289876BC}"
EndProject
Project("{9A19103F-16F7-4668-BE54-9A1E7A4F7556}") = "ParameterControl.LoadControl.Entities", "ParameterControl.LoadControl.Entities\ParameterControl.LoadControl.Entities.csproj", "{6B7F9384-3FEE-40BF-B933-5D6B4B8AF89D}"
EndProject
Project("{9A19103F-16F7-4668-BE54-9A1E7A4F7556}") = "ParameterControl.LoadControl.DataAccess", "ParameterControl.LoadControl.DataAccess\ParameterControl.LoadControl.DataAccess.csproj", "{5E4DDEAE-7C95-4DE5-8C57-6D3250138003}"
EndProject
Project("{9A19103F-16F7-4668-BE54-9A1E7A4F7556}") = "ParameterControl.LoadControl.Impl", "ParameterControl.LoadControl.Impl\ParameterControl.LoadControl.Impl.csproj", "{C1C5F3B4-04AC-4266-A4C2-15B12FD1B7F4}"
EndProject
Project("{9A19103F-16F7-4668-BE54-9A1E7A4F7556}") = "ParameterControl.LoadControl.Interfaces", "ParameterControl.LoadControl.Interfaces\ParameterControl.LoadControl.Interfaces.csproj", "{1B015430-0B73-4427-AD4A-B5A7E9A6E410}"
EndProject
Project("{2150E333-8FDC-42A3-9474-1A3956D46DE8}") = "ParameterControl.Stage", "ParameterControl.Stage", "{E93AE403-0ED6-4FA3-BC71-4114F36B0CF6}"
EndProject
Project("{9A19103F-16F7-4668-BE54-9A1E7A4F7556}") = "ParameterControl.Stage.DataAccess", "ParameterControl.Stage.DataAccess\ParameterControl.Stage.DataAccess.csproj", "{A1641FDE-E19E-4C0B-9E3A-C35EFA6A24A8}"
EndProject
Project("{9A19103F-16F7-4668-BE54-9A1E7A4F7556}") = "ParameterControl.Stage.Entities", "ParameterControl.Stage.Entities\ParameterControl.Stage.Entities.csproj", "{747E948A-681E-4D8F-AC5A-4DC2F9CA60D4}"
EndProject
Project("{9A19103F-16F7-4668-BE54-9A1E7A4F7556}") = "ParameterControl.Stage.Impl", "ParameterControl.Stage.Impl\ParameterControl.Stage.Impl.csproj", "{EDDB7FDF-36FD-4FA3-A95A-04F2FF6F3264}"
EndProject
Project("{9A19103F-16F7-4668-BE54-9A1E7A4F7556}") = "ParameterControl.Stage.Interfaces", "ParameterControl.Stage.Interfaces\ParameterControl.Stage.Interfaces.csproj", "{3A8910A7-4664-461E-A43B-1AF641E61144}"
EndProject
Project("{2150E333-8FDC-42A3-9474-1A3956D46DE8}") = "ParameterControl.Consistency", "ParameterControl.Consistency", "{68A22BE2-9B3D-439D-A8CA-EA86D96F4030}"
EndProject
Project("{9A19103F-16F7-4668-BE54-9A1E7A4F7556}") = "ParameterControl.Consistency.DataAccess", "ParameterControl.Concistencies.DataAccess\ParameterControl.Consistency.DataAccess.csproj", "{20606EE2-9D97-4851-91CF-E5FC86753338}"
EndProject
Project("{9A19103F-16F7-4668-BE54-9A1E7A4F7556}") = "ParameterControl.Consistency.Entities", "ParameterControl.Concistencies.Entities\ParameterControl.Consistency.Entities.csproj", "{4081B1EC-8AD4-40F3-9D94-873E9A3F3216}"
EndProject
Project("{9A19103F-16F7-4668-BE54-9A1E7A4F7556}") = "ParameterControl.Consistency.Impl", "ParameterControl.Concistencies.Impl\ParameterControl.Consistency.Impl.csproj", "{C02CC0BE-0052-4865-918F-7CA928647286}"
EndProject
Project("{9A19103F-16F7-4668-BE54-9A1E7A4F7556}") = "ParameterControl.Consistency.Interfaces", "ParameterControl.Concistencies.Interfaces\ParameterControl.Consistency.Interfaces.csproj", "{A22E6D69-6E4A-467B-AF2D-B4CF3F5DA792}"
EndProject
Project("{9A19103F-16F7-4668-BE54-9A1E7A4F7556}") = "ParameterControl.User.DataAccess", "ParameterControl.User.DataAccess\ParameterControl.User.DataAccess.csproj", "{37304B92-377A-4236-AED0-238278C3B329}"
EndProject
Project("{9A19103F-16F7-4668-BE54-9A1E7A4F7556}") = "ParameterControl.User.Entities", "ParameterControl.User.Entities\ParameterControl.User.Entities.csproj", "{5E2DCF77-13FB-4C41-BBFE-717D21E239A8}"
EndProject
Project("{9A19103F-16F7-4668-BE54-9A1E7A4F7556}") = "ParameterControl.User.Impl", "ParameterControl.User.Impl\ParameterControl.User.Impl.csproj", "{684949C3-D0F7-48C8-8713-E41F2DF99649}"
EndProject
Project("{9A19103F-16F7-4668-BE54-9A1E7A4F7556}") = "ParameterControl.User.Interfaces", "ParameterControl.User.Interfaces\ParameterControl.User.Interfaces.csproj", "{12D8FE25-9DC9-4E81-BA0C-CB397FC1C450}"
EndProject
Project("{2150E333-8FDC-42A3-9474-1A3956D46DE8}") = "ParameterControl.Audit", "ParameterControl.Audit", "{193EAA52-5AFA-4EF8-8506-72B92C3A53FE}"
EndProject
Project("{FAE04EC0-301F-11D3-BF4B-00C04F79EFBC}") = "ParameterControl.Audit.DataAccess", "ParameterControl.Audit.DataAccess\ParameterControl.Audit.DataAccess.csproj", "{B3052342-D4E1-4923-AC98-781D9D57C73B}"
EndProject
Project("{FAE04EC0-301F-11D3-BF4B-00C04F79EFBC}") = "ParameterControl.Audit.Entities", "ParameterControl.Audit.Entities\ParameterControl.Audit.Entities.csproj", "{C2146744-F530-4343-978B-CC6AED979AC5}"
EndProject
Project("{FAE04EC0-301F-11D3-BF4B-00C04F79EFBC}") = "ParameterControl.Audit.Impl", "ParameterControl.Audit.Impl\ParameterControl.Audit.Impl.csproj", "{7BD61FDB-13C2-4955-827B-4ECBE1C7FD20}"
EndProject
Project("{FAE04EC0-301F-11D3-BF4B-00C04F79EFBC}") = "ParameterControl.Audit.Interfaces", "ParameterControl.Audit.Interfaces\ParameterControl.Audit.Interfaces.csproj", "{4A6EC51B-53EC-44A4-85A8-106C4A243B22}"
EndProject
Global
	GlobalSection(SolutionConfigurationPlatforms) = preSolution
		Debug|Any CPU = Debug|Any CPU
		Release|Any CPU = Release|Any CPU
	EndGlobalSection
	GlobalSection(ProjectConfigurationPlatforms) = postSolution
		{DE383B5E-4639-4625-A510-FD8FAB7689A0}.Debug|Any CPU.ActiveCfg = Debug|Any CPU
		{DE383B5E-4639-4625-A510-FD8FAB7689A0}.Debug|Any CPU.Build.0 = Debug|Any CPU
		{DE383B5E-4639-4625-A510-FD8FAB7689A0}.Release|Any CPU.ActiveCfg = Release|Any CPU
		{DE383B5E-4639-4625-A510-FD8FAB7689A0}.Release|Any CPU.Build.0 = Release|Any CPU
		{DEB243D4-0193-4F15-9FAB-BC65047055D3}.Debug|Any CPU.ActiveCfg = Debug|Any CPU
		{DEB243D4-0193-4F15-9FAB-BC65047055D3}.Debug|Any CPU.Build.0 = Debug|Any CPU
		{DEB243D4-0193-4F15-9FAB-BC65047055D3}.Release|Any CPU.ActiveCfg = Release|Any CPU
		{DEB243D4-0193-4F15-9FAB-BC65047055D3}.Release|Any CPU.Build.0 = Release|Any CPU
		{A04B4A8D-653E-4E9F-9B94-49F171767537}.Debug|Any CPU.ActiveCfg = Debug|Any CPU
		{A04B4A8D-653E-4E9F-9B94-49F171767537}.Debug|Any CPU.Build.0 = Debug|Any CPU
		{A04B4A8D-653E-4E9F-9B94-49F171767537}.Release|Any CPU.ActiveCfg = Release|Any CPU
		{A04B4A8D-653E-4E9F-9B94-49F171767537}.Release|Any CPU.Build.0 = Release|Any CPU
		{8619D175-5AF5-42E1-BCDB-AC505760218A}.Debug|Any CPU.ActiveCfg = Debug|Any CPU
		{8619D175-5AF5-42E1-BCDB-AC505760218A}.Debug|Any CPU.Build.0 = Debug|Any CPU
		{8619D175-5AF5-42E1-BCDB-AC505760218A}.Release|Any CPU.ActiveCfg = Release|Any CPU
		{8619D175-5AF5-42E1-BCDB-AC505760218A}.Release|Any CPU.Build.0 = Release|Any CPU
		{2952814C-171C-4130-B1E0-291A4C497737}.Debug|Any CPU.ActiveCfg = Debug|Any CPU
		{2952814C-171C-4130-B1E0-291A4C497737}.Debug|Any CPU.Build.0 = Debug|Any CPU
		{2952814C-171C-4130-B1E0-291A4C497737}.Release|Any CPU.ActiveCfg = Release|Any CPU
		{2952814C-171C-4130-B1E0-291A4C497737}.Release|Any CPU.Build.0 = Release|Any CPU
		{C48578A3-42F6-4ACC-9318-9092961E748D}.Debug|Any CPU.ActiveCfg = Debug|Any CPU
		{C48578A3-42F6-4ACC-9318-9092961E748D}.Debug|Any CPU.Build.0 = Debug|Any CPU
		{C48578A3-42F6-4ACC-9318-9092961E748D}.Release|Any CPU.ActiveCfg = Release|Any CPU
		{C48578A3-42F6-4ACC-9318-9092961E748D}.Release|Any CPU.Build.0 = Release|Any CPU
		{45585B5B-E796-460D-A87F-38FB56C195D3}.Debug|Any CPU.ActiveCfg = Debug|Any CPU
		{45585B5B-E796-460D-A87F-38FB56C195D3}.Debug|Any CPU.Build.0 = Debug|Any CPU
		{45585B5B-E796-460D-A87F-38FB56C195D3}.Release|Any CPU.ActiveCfg = Release|Any CPU
		{45585B5B-E796-460D-A87F-38FB56C195D3}.Release|Any CPU.Build.0 = Release|Any CPU
		{E8173CC1-D933-457E-8E4E-63BA0445AB70}.Debug|Any CPU.ActiveCfg = Debug|Any CPU
		{E8173CC1-D933-457E-8E4E-63BA0445AB70}.Debug|Any CPU.Build.0 = Debug|Any CPU
		{E8173CC1-D933-457E-8E4E-63BA0445AB70}.Release|Any CPU.ActiveCfg = Release|Any CPU
		{E8173CC1-D933-457E-8E4E-63BA0445AB70}.Release|Any CPU.Build.0 = Release|Any CPU
		{2FAEAF31-5FF2-4B9E-BBEE-D27606798ACC}.Debug|Any CPU.ActiveCfg = Debug|Any CPU
		{2FAEAF31-5FF2-4B9E-BBEE-D27606798ACC}.Debug|Any CPU.Build.0 = Debug|Any CPU
		{2FAEAF31-5FF2-4B9E-BBEE-D27606798ACC}.Release|Any CPU.ActiveCfg = Release|Any CPU
		{2FAEAF31-5FF2-4B9E-BBEE-D27606798ACC}.Release|Any CPU.Build.0 = Release|Any CPU
		{2DDB2A2E-0DBF-422F-9C5F-284F6A5069D9}.Debug|Any CPU.ActiveCfg = Debug|Any CPU
		{2DDB2A2E-0DBF-422F-9C5F-284F6A5069D9}.Debug|Any CPU.Build.0 = Debug|Any CPU
		{2DDB2A2E-0DBF-422F-9C5F-284F6A5069D9}.Release|Any CPU.ActiveCfg = Release|Any CPU
		{2DDB2A2E-0DBF-422F-9C5F-284F6A5069D9}.Release|Any CPU.Build.0 = Release|Any CPU
		{5FCD6901-4EEF-4A8D-B061-DC2035E4C3EE}.Debug|Any CPU.ActiveCfg = Debug|Any CPU
		{5FCD6901-4EEF-4A8D-B061-DC2035E4C3EE}.Debug|Any CPU.Build.0 = Debug|Any CPU
		{5FCD6901-4EEF-4A8D-B061-DC2035E4C3EE}.Release|Any CPU.ActiveCfg = Release|Any CPU
		{5FCD6901-4EEF-4A8D-B061-DC2035E4C3EE}.Release|Any CPU.Build.0 = Release|Any CPU
		{ECDE9B94-54BC-43E5-AFF6-8CAFACBE85D2}.Debug|Any CPU.ActiveCfg = Debug|Any CPU
		{ECDE9B94-54BC-43E5-AFF6-8CAFACBE85D2}.Debug|Any CPU.Build.0 = Debug|Any CPU
		{ECDE9B94-54BC-43E5-AFF6-8CAFACBE85D2}.Release|Any CPU.ActiveCfg = Release|Any CPU
		{ECDE9B94-54BC-43E5-AFF6-8CAFACBE85D2}.Release|Any CPU.Build.0 = Release|Any CPU
		{7A0D2E40-B408-4034-A611-9BD57D7A4758}.Debug|Any CPU.ActiveCfg = Debug|Any CPU
		{7A0D2E40-B408-4034-A611-9BD57D7A4758}.Debug|Any CPU.Build.0 = Debug|Any CPU
		{7A0D2E40-B408-4034-A611-9BD57D7A4758}.Release|Any CPU.ActiveCfg = Release|Any CPU
		{7A0D2E40-B408-4034-A611-9BD57D7A4758}.Release|Any CPU.Build.0 = Release|Any CPU
		{7769702B-5F4A-4468-952B-68BE86C83E7A}.Debug|Any CPU.ActiveCfg = Debug|Any CPU
		{7769702B-5F4A-4468-952B-68BE86C83E7A}.Debug|Any CPU.Build.0 = Debug|Any CPU
		{7769702B-5F4A-4468-952B-68BE86C83E7A}.Release|Any CPU.ActiveCfg = Release|Any CPU
		{7769702B-5F4A-4468-952B-68BE86C83E7A}.Release|Any CPU.Build.0 = Release|Any CPU
		{6B7F9384-3FEE-40BF-B933-5D6B4B8AF89D}.Debug|Any CPU.ActiveCfg = Debug|Any CPU
		{6B7F9384-3FEE-40BF-B933-5D6B4B8AF89D}.Debug|Any CPU.Build.0 = Debug|Any CPU
		{6B7F9384-3FEE-40BF-B933-5D6B4B8AF89D}.Release|Any CPU.ActiveCfg = Release|Any CPU
		{6B7F9384-3FEE-40BF-B933-5D6B4B8AF89D}.Release|Any CPU.Build.0 = Release|Any CPU
		{5E4DDEAE-7C95-4DE5-8C57-6D3250138003}.Debug|Any CPU.ActiveCfg = Debug|Any CPU
		{5E4DDEAE-7C95-4DE5-8C57-6D3250138003}.Debug|Any CPU.Build.0 = Debug|Any CPU
		{5E4DDEAE-7C95-4DE5-8C57-6D3250138003}.Release|Any CPU.ActiveCfg = Release|Any CPU
		{5E4DDEAE-7C95-4DE5-8C57-6D3250138003}.Release|Any CPU.Build.0 = Release|Any CPU
		{C1C5F3B4-04AC-4266-A4C2-15B12FD1B7F4}.Debug|Any CPU.ActiveCfg = Debug|Any CPU
		{C1C5F3B4-04AC-4266-A4C2-15B12FD1B7F4}.Debug|Any CPU.Build.0 = Debug|Any CPU
		{C1C5F3B4-04AC-4266-A4C2-15B12FD1B7F4}.Release|Any CPU.ActiveCfg = Release|Any CPU
		{C1C5F3B4-04AC-4266-A4C2-15B12FD1B7F4}.Release|Any CPU.Build.0 = Release|Any CPU
		{1B015430-0B73-4427-AD4A-B5A7E9A6E410}.Debug|Any CPU.ActiveCfg = Debug|Any CPU
		{1B015430-0B73-4427-AD4A-B5A7E9A6E410}.Debug|Any CPU.Build.0 = Debug|Any CPU
		{1B015430-0B73-4427-AD4A-B5A7E9A6E410}.Release|Any CPU.ActiveCfg = Release|Any CPU
		{1B015430-0B73-4427-AD4A-B5A7E9A6E410}.Release|Any CPU.Build.0 = Release|Any CPU
		{A1641FDE-E19E-4C0B-9E3A-C35EFA6A24A8}.Debug|Any CPU.ActiveCfg = Debug|Any CPU
		{A1641FDE-E19E-4C0B-9E3A-C35EFA6A24A8}.Debug|Any CPU.Build.0 = Debug|Any CPU
		{A1641FDE-E19E-4C0B-9E3A-C35EFA6A24A8}.Release|Any CPU.ActiveCfg = Release|Any CPU
		{A1641FDE-E19E-4C0B-9E3A-C35EFA6A24A8}.Release|Any CPU.Build.0 = Release|Any CPU
		{747E948A-681E-4D8F-AC5A-4DC2F9CA60D4}.Debug|Any CPU.ActiveCfg = Debug|Any CPU
		{747E948A-681E-4D8F-AC5A-4DC2F9CA60D4}.Debug|Any CPU.Build.0 = Debug|Any CPU
		{747E948A-681E-4D8F-AC5A-4DC2F9CA60D4}.Release|Any CPU.ActiveCfg = Release|Any CPU
		{747E948A-681E-4D8F-AC5A-4DC2F9CA60D4}.Release|Any CPU.Build.0 = Release|Any CPU
		{EDDB7FDF-36FD-4FA3-A95A-04F2FF6F3264}.Debug|Any CPU.ActiveCfg = Debug|Any CPU
		{EDDB7FDF-36FD-4FA3-A95A-04F2FF6F3264}.Debug|Any CPU.Build.0 = Debug|Any CPU
		{EDDB7FDF-36FD-4FA3-A95A-04F2FF6F3264}.Release|Any CPU.ActiveCfg = Release|Any CPU
		{EDDB7FDF-36FD-4FA3-A95A-04F2FF6F3264}.Release|Any CPU.Build.0 = Release|Any CPU
		{3A8910A7-4664-461E-A43B-1AF641E61144}.Debug|Any CPU.ActiveCfg = Debug|Any CPU
		{3A8910A7-4664-461E-A43B-1AF641E61144}.Debug|Any CPU.Build.0 = Debug|Any CPU
		{3A8910A7-4664-461E-A43B-1AF641E61144}.Release|Any CPU.ActiveCfg = Release|Any CPU
		{3A8910A7-4664-461E-A43B-1AF641E61144}.Release|Any CPU.Build.0 = Release|Any CPU
		{20606EE2-9D97-4851-91CF-E5FC86753338}.Debug|Any CPU.ActiveCfg = Debug|Any CPU
		{20606EE2-9D97-4851-91CF-E5FC86753338}.Debug|Any CPU.Build.0 = Debug|Any CPU
		{20606EE2-9D97-4851-91CF-E5FC86753338}.Release|Any CPU.ActiveCfg = Release|Any CPU
		{20606EE2-9D97-4851-91CF-E5FC86753338}.Release|Any CPU.Build.0 = Release|Any CPU
		{4081B1EC-8AD4-40F3-9D94-873E9A3F3216}.Debug|Any CPU.ActiveCfg = Debug|Any CPU
		{4081B1EC-8AD4-40F3-9D94-873E9A3F3216}.Debug|Any CPU.Build.0 = Debug|Any CPU
		{4081B1EC-8AD4-40F3-9D94-873E9A3F3216}.Release|Any CPU.ActiveCfg = Release|Any CPU
		{4081B1EC-8AD4-40F3-9D94-873E9A3F3216}.Release|Any CPU.Build.0 = Release|Any CPU
		{C02CC0BE-0052-4865-918F-7CA928647286}.Debug|Any CPU.ActiveCfg = Debug|Any CPU
		{C02CC0BE-0052-4865-918F-7CA928647286}.Debug|Any CPU.Build.0 = Debug|Any CPU
		{C02CC0BE-0052-4865-918F-7CA928647286}.Release|Any CPU.ActiveCfg = Release|Any CPU
		{C02CC0BE-0052-4865-918F-7CA928647286}.Release|Any CPU.Build.0 = Release|Any CPU
		{A22E6D69-6E4A-467B-AF2D-B4CF3F5DA792}.Debug|Any CPU.ActiveCfg = Debug|Any CPU
		{A22E6D69-6E4A-467B-AF2D-B4CF3F5DA792}.Debug|Any CPU.Build.0 = Debug|Any CPU
		{A22E6D69-6E4A-467B-AF2D-B4CF3F5DA792}.Release|Any CPU.ActiveCfg = Release|Any CPU
		{A22E6D69-6E4A-467B-AF2D-B4CF3F5DA792}.Release|Any CPU.Build.0 = Release|Any CPU
		{37304B92-377A-4236-AED0-238278C3B329}.Debug|Any CPU.ActiveCfg = Debug|Any CPU
		{37304B92-377A-4236-AED0-238278C3B329}.Debug|Any CPU.Build.0 = Debug|Any CPU
		{37304B92-377A-4236-AED0-238278C3B329}.Release|Any CPU.ActiveCfg = Release|Any CPU
		{37304B92-377A-4236-AED0-238278C3B329}.Release|Any CPU.Build.0 = Release|Any CPU
		{5E2DCF77-13FB-4C41-BBFE-717D21E239A8}.Debug|Any CPU.ActiveCfg = Debug|Any CPU
		{5E2DCF77-13FB-4C41-BBFE-717D21E239A8}.Debug|Any CPU.Build.0 = Debug|Any CPU
		{5E2DCF77-13FB-4C41-BBFE-717D21E239A8}.Release|Any CPU.ActiveCfg = Release|Any CPU
		{5E2DCF77-13FB-4C41-BBFE-717D21E239A8}.Release|Any CPU.Build.0 = Release|Any CPU
		{684949C3-D0F7-48C8-8713-E41F2DF99649}.Debug|Any CPU.ActiveCfg = Debug|Any CPU
		{684949C3-D0F7-48C8-8713-E41F2DF99649}.Debug|Any CPU.Build.0 = Debug|Any CPU
		{684949C3-D0F7-48C8-8713-E41F2DF99649}.Release|Any CPU.ActiveCfg = Release|Any CPU
		{684949C3-D0F7-48C8-8713-E41F2DF99649}.Release|Any CPU.Build.0 = Release|Any CPU
		{12D8FE25-9DC9-4E81-BA0C-CB397FC1C450}.Debug|Any CPU.ActiveCfg = Debug|Any CPU
		{12D8FE25-9DC9-4E81-BA0C-CB397FC1C450}.Debug|Any CPU.Build.0 = Debug|Any CPU
		{12D8FE25-9DC9-4E81-BA0C-CB397FC1C450}.Release|Any CPU.ActiveCfg = Release|Any CPU
		{12D8FE25-9DC9-4E81-BA0C-CB397FC1C450}.Release|Any CPU.Build.0 = Release|Any CPU
		{B3052342-D4E1-4923-AC98-781D9D57C73B}.Debug|Any CPU.ActiveCfg = Debug|Any CPU
		{B3052342-D4E1-4923-AC98-781D9D57C73B}.Debug|Any CPU.Build.0 = Debug|Any CPU
		{B3052342-D4E1-4923-AC98-781D9D57C73B}.Release|Any CPU.ActiveCfg = Release|Any CPU
		{B3052342-D4E1-4923-AC98-781D9D57C73B}.Release|Any CPU.Build.0 = Release|Any CPU
		{C2146744-F530-4343-978B-CC6AED979AC5}.Debug|Any CPU.ActiveCfg = Debug|Any CPU
		{C2146744-F530-4343-978B-CC6AED979AC5}.Debug|Any CPU.Build.0 = Debug|Any CPU
		{C2146744-F530-4343-978B-CC6AED979AC5}.Release|Any CPU.ActiveCfg = Release|Any CPU
		{C2146744-F530-4343-978B-CC6AED979AC5}.Release|Any CPU.Build.0 = Release|Any CPU
		{7BD61FDB-13C2-4955-827B-4ECBE1C7FD20}.Debug|Any CPU.ActiveCfg = Debug|Any CPU
		{7BD61FDB-13C2-4955-827B-4ECBE1C7FD20}.Debug|Any CPU.Build.0 = Debug|Any CPU
		{7BD61FDB-13C2-4955-827B-4ECBE1C7FD20}.Release|Any CPU.ActiveCfg = Release|Any CPU
		{7BD61FDB-13C2-4955-827B-4ECBE1C7FD20}.Release|Any CPU.Build.0 = Release|Any CPU
		{4A6EC51B-53EC-44A4-85A8-106C4A243B22}.Debug|Any CPU.ActiveCfg = Debug|Any CPU
		{4A6EC51B-53EC-44A4-85A8-106C4A243B22}.Debug|Any CPU.Build.0 = Debug|Any CPU
		{4A6EC51B-53EC-44A4-85A8-106C4A243B22}.Release|Any CPU.ActiveCfg = Release|Any CPU
		{4A6EC51B-53EC-44A4-85A8-106C4A243B22}.Release|Any CPU.Build.0 = Release|Any CPU
	EndGlobalSection
	GlobalSection(SolutionProperties) = preSolution
		HideSolutionNode = FALSE
	EndGlobalSection
	GlobalSection(NestedProjects) = preSolution
		{DEB243D4-0193-4F15-9FAB-BC65047055D3} = {61F796B3-8DFB-498E-8B54-D8559B8510B7}
		{A04B4A8D-653E-4E9F-9B94-49F171767537} = {61F796B3-8DFB-498E-8B54-D8559B8510B7}
		{8619D175-5AF5-42E1-BCDB-AC505760218A} = {61F796B3-8DFB-498E-8B54-D8559B8510B7}
		{2952814C-171C-4130-B1E0-291A4C497737} = {61F796B3-8DFB-498E-8B54-D8559B8510B7}
		{C48578A3-42F6-4ACC-9318-9092961E748D} = {71A8A1B4-4DA2-4202-AEA1-7EA9B639EE8E}
		{45585B5B-E796-460D-A87F-38FB56C195D3} = {71A8A1B4-4DA2-4202-AEA1-7EA9B639EE8E}
		{E8173CC1-D933-457E-8E4E-63BA0445AB70} = {71A8A1B4-4DA2-4202-AEA1-7EA9B639EE8E}
		{2FAEAF31-5FF2-4B9E-BBEE-D27606798ACC} = {71A8A1B4-4DA2-4202-AEA1-7EA9B639EE8E}
		{5FCD6901-4EEF-4A8D-B061-DC2035E4C3EE} = {BCD33ACB-1CCE-427E-AD50-1ACB6BCE3B1C}
		{ECDE9B94-54BC-43E5-AFF6-8CAFACBE85D2} = {BCD33ACB-1CCE-427E-AD50-1ACB6BCE3B1C}
		{7A0D2E40-B408-4034-A611-9BD57D7A4758} = {BCD33ACB-1CCE-427E-AD50-1ACB6BCE3B1C}
		{7769702B-5F4A-4468-952B-68BE86C83E7A} = {BCD33ACB-1CCE-427E-AD50-1ACB6BCE3B1C}
		{6B7F9384-3FEE-40BF-B933-5D6B4B8AF89D} = {3373F4CA-3671-4006-8DBC-8292289876BC}
		{5E4DDEAE-7C95-4DE5-8C57-6D3250138003} = {3373F4CA-3671-4006-8DBC-8292289876BC}
		{C1C5F3B4-04AC-4266-A4C2-15B12FD1B7F4} = {3373F4CA-3671-4006-8DBC-8292289876BC}
		{1B015430-0B73-4427-AD4A-B5A7E9A6E410} = {3373F4CA-3671-4006-8DBC-8292289876BC}
		{A1641FDE-E19E-4C0B-9E3A-C35EFA6A24A8} = {E93AE403-0ED6-4FA3-BC71-4114F36B0CF6}
		{747E948A-681E-4D8F-AC5A-4DC2F9CA60D4} = {E93AE403-0ED6-4FA3-BC71-4114F36B0CF6}
		{EDDB7FDF-36FD-4FA3-A95A-04F2FF6F3264} = {E93AE403-0ED6-4FA3-BC71-4114F36B0CF6}
		{3A8910A7-4664-461E-A43B-1AF641E61144} = {E93AE403-0ED6-4FA3-BC71-4114F36B0CF6}
		{20606EE2-9D97-4851-91CF-E5FC86753338} = {68A22BE2-9B3D-439D-A8CA-EA86D96F4030}
		{4081B1EC-8AD4-40F3-9D94-873E9A3F3216} = {68A22BE2-9B3D-439D-A8CA-EA86D96F4030}
		{C02CC0BE-0052-4865-918F-7CA928647286} = {68A22BE2-9B3D-439D-A8CA-EA86D96F4030}
		{A22E6D69-6E4A-467B-AF2D-B4CF3F5DA792} = {68A22BE2-9B3D-439D-A8CA-EA86D96F4030}
		{37304B92-377A-4236-AED0-238278C3B329} = {91079B39-5F50-456A-805D-3800C3F2B7EF}
		{5E2DCF77-13FB-4C41-BBFE-717D21E239A8} = {91079B39-5F50-456A-805D-3800C3F2B7EF}
		{684949C3-D0F7-48C8-8713-E41F2DF99649} = {91079B39-5F50-456A-805D-3800C3F2B7EF}
		{12D8FE25-9DC9-4E81-BA0C-CB397FC1C450} = {91079B39-5F50-456A-805D-3800C3F2B7EF}
		{B3052342-D4E1-4923-AC98-781D9D57C73B} = {193EAA52-5AFA-4EF8-8506-72B92C3A53FE}
		{C2146744-F530-4343-978B-CC6AED979AC5} = {193EAA52-5AFA-4EF8-8506-72B92C3A53FE}
		{7BD61FDB-13C2-4955-827B-4ECBE1C7FD20} = {193EAA52-5AFA-4EF8-8506-72B92C3A53FE}
		{4A6EC51B-53EC-44A4-85A8-106C4A243B22} = {193EAA52-5AFA-4EF8-8506-72B92C3A53FE}
	EndGlobalSection
	GlobalSection(ExtensibilityGlobals) = postSolution
		SolutionGuid = {20AAF5E6-F20B-4969-933D-7039AE34C6FF}
	EndGlobalSection
EndGlobal
